
Microsoft Visual Studio Solution File, Format Version 12.00
# Visual Studio Version 16
VisualStudioVersion = 16.0.30717.126
MinimumVisualStudioVersion = 10.0.40219.1
Project("{FAE04EC0-301F-11D3-BF4B-00C04F79EFBC}") = "ReadExcel", "ReadExcel.csproj", "{E30147EA-1490-47F1-9928-96E25319123B}"
EndProject
Global
	GlobalSection(SolutionConfigurationPlatforms) = preSolution
		Debug|Any CPU = Debug|Any CPU
		Release|Any CPU = Release|Any CPU
	EndGlobalSection
	GlobalSection(ProjectConfigurationPlatforms) = postSolution
		{E30147EA-1490-47F1-9928-96E25319123B}.Debug|Any CPU.ActiveCfg = Debug|Any CPU
		{E30147EA-1490-47F1-9928-96E25319123B}.Debug|Any CPU.Build.0 = Debug|Any CPU
		{E30147EA-1490-47F1-9928-96E25319123B}.Release|Any CPU.ActiveCfg = Release|Any CPU
		{E30147EA-1490-47F1-9928-96E25319123B}.Release|Any CPU.Build.0 = Release|Any CPU
	EndGlobalSection
	GlobalSection(SolutionProperties) = preSolution
		HideSolutionNode = FALSE
	EndGlobalSection
	GlobalSection(ExtensibilityGlobals) = postSolution
		SolutionGuid = {ACAF6B5C-B524-4A05-8D9C-0851087EAB32}
	EndGlobalSection
EndGlobal
